
Microsoft Visual Studio Solution File, Format Version 12.00
# Visual Studio Version 17
VisualStudioVersion = 17.7.34202.233
MinimumVisualStudioVersion = 10.0.40219.1
Project("{9A19103F-16F7-4668-BE54-9A1E7A4F7556}") = "fInancialFinesseProject.Server", "fInancialFinesseProject\Server\fInancialFinesseProject.Server.csproj", "{DC602E02-9D28-4682-B4DA-8C36AC68A6A9}"
EndProject
Project("{9A19103F-16F7-4668-BE54-9A1E7A4F7556}") = "fInancialFinesseProject.Client", "fInancialFinesseProject\Client\fInancialFinesseProject.Client.csproj", "{067AB5DC-A1D5-4BB6-9534-5A9FC364BACA}"
EndProject
Project("{9A19103F-16F7-4668-BE54-9A1E7A4F7556}") = "fInancialFinesseProject.Shared", "fInancialFinesseProject\Shared\fInancialFinesseProject.Shared.csproj", "{CAED7B4D-90DD-4A83-A74C-C7D28F855805}"
EndProject
Global
	GlobalSection(SolutionConfigurationPlatforms) = preSolution
		Debug|Any CPU = Debug|Any CPU
		Release|Any CPU = Release|Any CPU
	EndGlobalSection
	GlobalSection(ProjectConfigurationPlatforms) = postSolution
		{DC602E02-9D28-4682-B4DA-8C36AC68A6A9}.Debug|Any CPU.ActiveCfg = Debug|Any CPU
		{DC602E02-9D28-4682-B4DA-8C36AC68A6A9}.Debug|Any CPU.Build.0 = Debug|Any CPU
		{DC602E02-9D28-4682-B4DA-8C36AC68A6A9}.Release|Any CPU.ActiveCfg = Release|Any CPU
		{DC602E02-9D28-4682-B4DA-8C36AC68A6A9}.Release|Any CPU.Build.0 = Release|Any CPU
		{067AB5DC-A1D5-4BB6-9534-5A9FC364BACA}.Debug|Any CPU.ActiveCfg = Debug|Any CPU
		{067AB5DC-A1D5-4BB6-9534-5A9FC364BACA}.Debug|Any CPU.Build.0 = Debug|Any CPU
		{067AB5DC-A1D5-4BB6-9534-5A9FC364BACA}.Release|Any CPU.ActiveCfg = Release|Any CPU
		{067AB5DC-A1D5-4BB6-9534-5A9FC364BACA}.Release|Any CPU.Build.0 = Release|Any CPU
		{CAED7B4D-90DD-4A83-A74C-C7D28F855805}.Debug|Any CPU.ActiveCfg = Debug|Any CPU
		{CAED7B4D-90DD-4A83-A74C-C7D28F855805}.Debug|Any CPU.Build.0 = Debug|Any CPU
		{CAED7B4D-90DD-4A83-A74C-C7D28F855805}.Release|Any CPU.ActiveCfg = Release|Any CPU
		{CAED7B4D-90DD-4A83-A74C-C7D28F855805}.Release|Any CPU.Build.0 = Release|Any CPU
	EndGlobalSection
	GlobalSection(SolutionProperties) = preSolution
		HideSolutionNode = FALSE
	EndGlobalSection
	GlobalSection(ExtensibilityGlobals) = postSolution
		SolutionGuid = {436A7008-9BB0-4966-BA5C-8269E2D1D983}
	EndGlobalSection
EndGlobal
